// !$*UTF8*$!
{
	archiveVersion = 1;
	classes = {
	};
	objectVersion = 55;
	objects = {

/* Begin PBXBuildFile section */
		022EF671286019D7002C35B2 /* pokeCell.swift in Sources */ = {isa = PBXBuildFile; fileRef = 022EF66F286019D7002C35B2 /* pokeCell.swift */; };
		022EF672286019D7002C35B2 /* pokeCell.xib in Resources */ = {isa = PBXBuildFile; fileRef = 022EF670286019D7002C35B2 /* pokeCell.xib */; };
		022EF67928602ADD002C35B2 /* PokeDetailViewController.swift in Sources */ = {isa = PBXBuildFile; fileRef = 022EF67728602ADD002C35B2 /* PokeDetailViewController.swift */; };
		029F12EE285CC63B003C0512 /* AppDelegate.swift in Sources */ = {isa = PBXBuildFile; fileRef = 029F12ED285CC63B003C0512 /* AppDelegate.swift */; };
		029F12F0285CC63B003C0512 /* SceneDelegate.swift in Sources */ = {isa = PBXBuildFile; fileRef = 029F12EF285CC63B003C0512 /* SceneDelegate.swift */; };
		029F12F2285CC63B003C0512 /* ViewController.swift in Sources */ = {isa = PBXBuildFile; fileRef = 029F12F1285CC63B003C0512 /* ViewController.swift */; };
		029F12F5285CC63B003C0512 /* Main.storyboard in Resources */ = {isa = PBXBuildFile; fileRef = 029F12F3285CC63B003C0512 /* Main.storyboard */; };
		029F12F7285CC63F003C0512 /* Assets.xcassets in Resources */ = {isa = PBXBuildFile; fileRef = 029F12F6285CC63F003C0512 /* Assets.xcassets */; };
		029F12FA285CC63F003C0512 /* LaunchScreen.storyboard in Resources */ = {isa = PBXBuildFile; fileRef = 029F12F8285CC63F003C0512 /* LaunchScreen.storyboard */; };
		029F1303285CC678003C0512 /* PokemonAPI.swift in Sources */ = {isa = PBXBuildFile; fileRef = 029F1302285CC678003C0512 /* PokemonAPI.swift */; };
		029F1306285CC769003C0512 /* PokemonPageRequest.swift in Sources */ = {isa = PBXBuildFile; fileRef = 029F1305285CC769003C0512 /* PokemonPageRequest.swift */; };
		029F1308285CC7CA003C0512 /* PokemonItem.swift in Sources */ = {isa = PBXBuildFile; fileRef = 029F1307285CC7CA003C0512 /* PokemonItem.swift */; };
		029F130B285CCF84003C0512 /* Extension+URLSessionError.swift in Sources */ = {isa = PBXBuildFile; fileRef = 029F130A285CCF84003C0512 /* Extension+URLSessionError.swift */; };
		029F130D285CCFA7003C0512 /* ExtensionURSession+Request.swift in Sources */ = {isa = PBXBuildFile; fileRef = 029F130C285CCFA7003C0512 /* ExtensionURSession+Request.swift */; };
		029F130F285CEDEA003C0512 /* UIImage+LazyLoad.swift in Sources */ = {isa = PBXBuildFile; fileRef = 029F130E285CEDEA003C0512 /* UIImage+LazyLoad.swift */; };
		029F1314285CF087003C0512 /* PokemonTableView.swift in Sources */ = {isa = PBXBuildFile; fileRef = 029F1313285CF087003C0512 /* PokemonTableView.swift */; };
		029F131A285D05BA003C0512 /* Pokemon.swift in Sources */ = {isa = PBXBuildFile; fileRef = 029F1319285D05BA003C0512 /* Pokemon.swift */; };
		02AB149728664C5300881542 /* PokemonProject.xcdatamodeld in Sources */ = {isa = PBXBuildFile; fileRef = 02AB149528664C5300881542 /* PokemonProject.xcdatamodeld */; };
		02AB14A728665B3500881542 /* PokemonManager.swift in Sources */ = {isa = PBXBuildFile; fileRef = 02AB14A628665B3500881542 /* PokemonManager.swift */; };
		02AB14AA2868C7AF00881542 /* DatabaseHandler.swift in Sources */ = {isa = PBXBuildFile; fileRef = 02AB14A92868C7AF00881542 /* DatabaseHandler.swift */; };
		02AB14B12868F5CA00881542 /* FavouritePokemon+CoreDataClass.swift in Sources */ = {isa = PBXBuildFile; fileRef = 02AB14AF2868F5CA00881542 /* FavouritePokemon+CoreDataClass.swift */; };
		02AB14B22868F5CA00881542 /* FavouritePokemon+CoreDataProperties.swift in Sources */ = {isa = PBXBuildFile; fileRef = 02AB14B02868F5CA00881542 /* FavouritePokemon+CoreDataProperties.swift */; };
		02AB14B52868FB2C00881542 /* ParamUIButton.swift in Sources */ = {isa = PBXBuildFile; fileRef = 02AB14B42868FB2C00881542 /* ParamUIButton.swift */; };
		02AB14B72869057E00881542 /* FavouritesTableView.swift in Sources */ = {isa = PBXBuildFile; fileRef = 02AB14B62869057E00881542 /* FavouritesTableView.swift */; };
		02C5C86828621D8400804AE7 /* Extension+UserDefaults.swift in Sources */ = {isa = PBXBuildFile; fileRef = 02C5C86728621D8400804AE7 /* Extension+UserDefaults.swift */; };
/* End PBXBuildFile section */

/* Begin PBXFileReference section */
		022EF66F286019D7002C35B2 /* pokeCell.swift */ = {isa = PBXFileReference; lastKnownFileType = sourcecode.swift; path = pokeCell.swift; sourceTree = "<group>"; };
		022EF670286019D7002C35B2 /* pokeCell.xib */ = {isa = PBXFileReference; lastKnownFileType = file.xib; path = pokeCell.xib; sourceTree = "<group>"; };
		022EF67728602ADD002C35B2 /* PokeDetailViewController.swift */ = {isa = PBXFileReference; lastKnownFileType = sourcecode.swift; path = PokeDetailViewController.swift; sourceTree = "<group>"; };
		029F12EA285CC63B003C0512 /* Pokedex.app */ = {isa = PBXFileReference; explicitFileType = wrapper.application; includeInIndex = 0; path = Pokedex.app; sourceTree = BUILT_PRODUCTS_DIR; };
		029F12ED285CC63B003C0512 /* AppDelegate.swift */ = {isa = PBXFileReference; lastKnownFileType = sourcecode.swift; path = AppDelegate.swift; sourceTree = "<group>"; };
		029F12EF285CC63B003C0512 /* SceneDelegate.swift */ = {isa = PBXFileReference; lastKnownFileType = sourcecode.swift; path = SceneDelegate.swift; sourceTree = "<group>"; };
		029F12F1285CC63B003C0512 /* ViewController.swift */ = {isa = PBXFileReference; lastKnownFileType = sourcecode.swift; path = ViewController.swift; sourceTree = "<group>"; };
		029F12F4285CC63B003C0512 /* Base */ = {isa = PBXFileReference; lastKnownFileType = file.storyboard; name = Base; path = Base.lproj/Main.storyboard; sourceTree = "<group>"; };
		029F12F6285CC63F003C0512 /* Assets.xcassets */ = {isa = PBXFileReference; lastKnownFileType = folder.assetcatalog; path = Assets.xcassets; sourceTree = "<group>"; };
		029F12F9285CC63F003C0512 /* Base */ = {isa = PBXFileReference; lastKnownFileType = file.storyboard; name = Base; path = Base.lproj/LaunchScreen.storyboard; sourceTree = "<group>"; };
		029F12FB285CC63F003C0512 /* Info.plist */ = {isa = PBXFileReference; lastKnownFileType = text.plist.xml; path = Info.plist; sourceTree = "<group>"; };
		029F1302285CC678003C0512 /* PokemonAPI.swift */ = {isa = PBXFileReference; lastKnownFileType = sourcecode.swift; path = PokemonAPI.swift; sourceTree = "<group>"; };
		029F1305285CC769003C0512 /* PokemonPageRequest.swift */ = {isa = PBXFileReference; lastKnownFileType = sourcecode.swift; path = PokemonPageRequest.swift; sourceTree = "<group>"; };
		029F1307285CC7CA003C0512 /* PokemonItem.swift */ = {isa = PBXFileReference; lastKnownFileType = sourcecode.swift; path = PokemonItem.swift; sourceTree = "<group>"; };
		029F130A285CCF84003C0512 /* Extension+URLSessionError.swift */ = {isa = PBXFileReference; lastKnownFileType = sourcecode.swift; path = "Extension+URLSessionError.swift"; sourceTree = "<group>"; };
		029F130C285CCFA7003C0512 /* ExtensionURSession+Request.swift */ = {isa = PBXFileReference; lastKnownFileType = sourcecode.swift; path = "ExtensionURSession+Request.swift"; sourceTree = "<group>"; };
		029F130E285CEDEA003C0512 /* UIImage+LazyLoad.swift */ = {isa = PBXFileReference; lastKnownFileType = sourcecode.swift; path = "UIImage+LazyLoad.swift"; sourceTree = "<group>"; };
		029F1313285CF087003C0512 /* PokemonTableView.swift */ = {isa = PBXFileReference; lastKnownFileType = sourcecode.swift; path = PokemonTableView.swift; sourceTree = "<group>"; };
		029F1319285D05BA003C0512 /* Pokemon.swift */ = {isa = PBXFileReference; lastKnownFileType = sourcecode.swift; path = Pokemon.swift; sourceTree = "<group>"; };
		02AB149628664C5300881542 /* PokemonProject.xcdatamodel */ = {isa = PBXFileReference; lastKnownFileType = wrapper.xcdatamodel; path = PokemonProject.xcdatamodel; sourceTree = "<group>"; };
		02AB14A628665B3500881542 /* PokemonManager.swift */ = {isa = PBXFileReference; lastKnownFileType = sourcecode.swift; path = PokemonManager.swift; sourceTree = "<group>"; };
		02AB14A92868C7AF00881542 /* DatabaseHandler.swift */ = {isa = PBXFileReference; lastKnownFileType = sourcecode.swift; path = DatabaseHandler.swift; sourceTree = "<group>"; };
		02AB14AF2868F5CA00881542 /* FavouritePokemon+CoreDataClass.swift */ = {isa = PBXFileReference; lastKnownFileType = sourcecode.swift; path = "FavouritePokemon+CoreDataClass.swift"; sourceTree = SOURCE_ROOT; };
		02AB14B02868F5CA00881542 /* FavouritePokemon+CoreDataProperties.swift */ = {isa = PBXFileReference; lastKnownFileType = sourcecode.swift; path = "FavouritePokemon+CoreDataProperties.swift"; sourceTree = SOURCE_ROOT; };
		02AB14B42868FB2C00881542 /* ParamUIButton.swift */ = {isa = PBXFileReference; lastKnownFileType = sourcecode.swift; path = ParamUIButton.swift; sourceTree = "<group>"; };
		02AB14B62869057E00881542 /* FavouritesTableView.swift */ = {isa = PBXFileReference; lastKnownFileType = sourcecode.swift; path = FavouritesTableView.swift; sourceTree = "<group>"; };
		02C5C86728621D8400804AE7 /* Extension+UserDefaults.swift */ = {isa = PBXFileReference; lastKnownFileType = sourcecode.swift; path = "Extension+UserDefaults.swift"; sourceTree = "<group>"; };
/* End PBXFileReference section */

/* Begin PBXFrameworksBuildPhase section */
		029F12E7285CC63B003C0512 /* Frameworks */ = {
			isa = PBXFrameworksBuildPhase;
			buildActionMask = 2147483647;
			files = (
			);
			runOnlyForDeploymentPostprocessing = 0;
		};
/* End PBXFrameworksBuildPhase section */

/* Begin PBXGroup section */
		029F12E1285CC63B003C0512 = {
			isa = PBXGroup;
			children = (
				029F12EC285CC63B003C0512 /* Pokedex */,
				029F12EB285CC63B003C0512 /* Products */,
			);
			sourceTree = "<group>";
		};
		029F12EB285CC63B003C0512 /* Products */ = {
			isa = PBXGroup;
			children = (
				029F12EA285CC63B003C0512 /* Pokedex.app */,
			);
			name = Products;
			sourceTree = "<group>";
		};
		029F12EC285CC63B003C0512 /* Pokedex */ = {
			isa = PBXGroup;
			children = (
				02AB14B32868FB1100881542 /* utils */,
				02AB14A82868C78E00881542 /* providers */,
				02AB14A528665B2200881542 /* managers */,
				029F1310285CEE79003C0512 /* subclass */,
				029F1309285CCF4B003C0512 /* extensions */,
				029F1304285CC74D003C0512 /* Models */,
				029F1301285CC659003C0512 /* networking */,
				029F12ED285CC63B003C0512 /* AppDelegate.swift */,
				029F12EF285CC63B003C0512 /* SceneDelegate.swift */,
				029F12F1285CC63B003C0512 /* ViewController.swift */,
				029F12F3285CC63B003C0512 /* Main.storyboard */,
				029F12F6285CC63F003C0512 /* Assets.xcassets */,
				029F12F8285CC63F003C0512 /* LaunchScreen.storyboard */,
				029F12FB285CC63F003C0512 /* Info.plist */,
				02AB149528664C5300881542 /* PokemonProject.xcdatamodeld */,
			);
			path = Pokedex;
			sourceTree = "<group>";
		};
		029F1301285CC659003C0512 /* networking */ = {
			isa = PBXGroup;
			children = (
				029F1302285CC678003C0512 /* PokemonAPI.swift */,
			);
			path = networking;
			sourceTree = "<group>";
		};
		029F1304285CC74D003C0512 /* Models */ = {
			isa = PBXGroup;
			children = (
				02AB149C2866523900881542 /* CoreData */,
				029F1305285CC769003C0512 /* PokemonPageRequest.swift */,
				029F1307285CC7CA003C0512 /* PokemonItem.swift */,
				029F1319285D05BA003C0512 /* Pokemon.swift */,
			);
			path = Models;
			sourceTree = "<group>";
		};
		029F1309285CCF4B003C0512 /* extensions */ = {
			isa = PBXGroup;
			children = (
				029F130A285CCF84003C0512 /* Extension+URLSessionError.swift */,
				029F130C285CCFA7003C0512 /* ExtensionURSession+Request.swift */,
				029F130E285CEDEA003C0512 /* UIImage+LazyLoad.swift */,
				029F1313285CF087003C0512 /* PokemonTableView.swift */,
				02C5C86728621D8400804AE7 /* Extension+UserDefaults.swift */,
			);
			path = extensions;
			sourceTree = "<group>";
		};
		029F1310285CEE79003C0512 /* subclass */ = {
			isa = PBXGroup;
			children = (
				022EF66F286019D7002C35B2 /* pokeCell.swift */,
				022EF670286019D7002C35B2 /* pokeCell.xib */,
				022EF67728602ADD002C35B2 /* PokeDetailViewController.swift */,
				02AB14B62869057E00881542 /* FavouritesTableView.swift */,
			);
			path = subclass;
			sourceTree = "<group>";
		};
		02AB149C2866523900881542 /* CoreData */ = {
			isa = PBXGroup;
			children = (
				02AB14AF2868F5CA00881542 /* FavouritePokemon+CoreDataClass.swift */,
				02AB14B02868F5CA00881542 /* FavouritePokemon+CoreDataProperties.swift */,
			);
			path = CoreData;
			sourceTree = "<group>";
		};
		02AB14A528665B2200881542 /* managers */ = {
			isa = PBXGroup;
			children = (
				02AB14A628665B3500881542 /* PokemonManager.swift */,
			);
			path = managers;
			sourceTree = "<group>";
		};
		02AB14A82868C78E00881542 /* providers */ = {
			isa = PBXGroup;
			children = (
				02AB14A92868C7AF00881542 /* DatabaseHandler.swift */,
			);
			path = providers;
			sourceTree = "<group>";
		};
		02AB14B32868FB1100881542 /* utils */ = {
			isa = PBXGroup;
			children = (
				02AB14B42868FB2C00881542 /* ParamUIButton.swift */,
			);
			path = utils;
			sourceTree = "<group>";
		};
/* End PBXGroup section */

/* Begin PBXNativeTarget section */
		029F12E9285CC63B003C0512 /* Pokedex */ = {
			isa = PBXNativeTarget;
			buildConfigurationList = 029F12FE285CC63F003C0512 /* Build configuration list for PBXNativeTarget "Pokedex" */;
			buildPhases = (
				029F12E6285CC63B003C0512 /* Sources */,
				029F12E7285CC63B003C0512 /* Frameworks */,
				029F12E8285CC63B003C0512 /* Resources */,
			);
			buildRules = (
			);
			dependencies = (
			);
			name = Pokedex;
			productName = Pokedex;
			productReference = 029F12EA285CC63B003C0512 /* Pokedex.app */;
			productType = "com.apple.product-type.application";
		};
/* End PBXNativeTarget section */

/* Begin PBXProject section */
		029F12E2285CC63B003C0512 /* Project object */ = {
			isa = PBXProject;
			attributes = {
				BuildIndependentTargetsInParallel = 1;
				LastSwiftUpdateCheck = 1340;
				LastUpgradeCheck = 1340;
				TargetAttributes = {
					029F12E9285CC63B003C0512 = {
						CreatedOnToolsVersion = 13.4;
					};
				};
			};
			buildConfigurationList = 029F12E5285CC63B003C0512 /* Build configuration list for PBXProject "Pokedex" */;
			compatibilityVersion = "Xcode 13.0";
			developmentRegion = en;
			hasScannedForEncodings = 0;
			knownRegions = (
				en,
				Base,
			);
			mainGroup = 029F12E1285CC63B003C0512;
			productRefGroup = 029F12EB285CC63B003C0512 /* Products */;
			projectDirPath = "";
			projectRoot = "";
			targets = (
				029F12E9285CC63B003C0512 /* Pokedex */,
			);
		};
/* End PBXProject section */

/* Begin PBXResourcesBuildPhase section */
		029F12E8285CC63B003C0512 /* Resources */ = {
			isa = PBXResourcesBuildPhase;
			buildActionMask = 2147483647;
			files = (
				022EF672286019D7002C35B2 /* pokeCell.xib in Resources */,
				029F12FA285CC63F003C0512 /* LaunchScreen.storyboard in Resources */,
				029F12F7285CC63F003C0512 /* Assets.xcassets in Resources */,
				029F12F5285CC63B003C0512 /* Main.storyboard in Resources */,
			);
			runOnlyForDeploymentPostprocessing = 0;
		};
/* End PBXResourcesBuildPhase section */

/* Begin PBXSourcesBuildPhase section */
		029F12E6285CC63B003C0512 /* Sources */ = {
			isa = PBXSourcesBuildPhase;
			buildActionMask = 2147483647;
			files = (
				022EF67928602ADD002C35B2 /* PokeDetailViewController.swift in Sources */,
				029F1306285CC769003C0512 /* PokemonPageRequest.swift in Sources */,
				029F1314285CF087003C0512 /* PokemonTableView.swift in Sources */,
				029F130B285CCF84003C0512 /* Extension+URLSessionError.swift in Sources */,
				029F12F2285CC63B003C0512 /* ViewController.swift in Sources */,
				02AB14AA2868C7AF00881542 /* DatabaseHandler.swift in Sources */,
				029F12EE285CC63B003C0512 /* AppDelegate.swift in Sources */,
				02C5C86828621D8400804AE7 /* Extension+UserDefaults.swift in Sources */,
				029F131A285D05BA003C0512 /* Pokemon.swift in Sources */,
				02AB149728664C5300881542 /* PokemonProject.xcdatamodeld in Sources */,
				02AB14B72869057E00881542 /* FavouritesTableView.swift in Sources */,
				029F1303285CC678003C0512 /* PokemonAPI.swift in Sources */,
				029F1308285CC7CA003C0512 /* PokemonItem.swift in Sources */,
				02AB14A728665B3500881542 /* PokemonManager.swift in Sources */,
				02AB14B52868FB2C00881542 /* ParamUIButton.swift in Sources */,
				022EF671286019D7002C35B2 /* pokeCell.swift in Sources */,
				029F130D285CCFA7003C0512 /* ExtensionURSession+Request.swift in Sources */,
				02AB14B12868F5CA00881542 /* FavouritePokemon+CoreDataClass.swift in Sources */,
				029F12F0285CC63B003C0512 /* SceneDelegate.swift in Sources */,
				02AB14B22868F5CA00881542 /* FavouritePokemon+CoreDataProperties.swift in Sources */,
				029F130F285CEDEA003C0512 /* UIImage+LazyLoad.swift in Sources */,
			);
			runOnlyForDeploymentPostprocessing = 0;
		};
/* End PBXSourcesBuildPhase section */

/* Begin PBXVariantGroup section */
		029F12F3285CC63B003C0512 /* Main.storyboard */ = {
			isa = PBXVariantGroup;
			children = (
				029F12F4285CC63B003C0512 /* Base */,
			);
			name = Main.storyboard;
			sourceTree = "<group>";
		};
		029F12F8285CC63F003C0512 /* LaunchScreen.storyboard */ = {
			isa = PBXVariantGroup;
			children = (
				029F12F9285CC63F003C0512 /* Base */,
			);
			name = LaunchScreen.storyboard;
			sourceTree = "<group>";
		};
/* End PBXVariantGroup section */

/* Begin XCBuildConfiguration section */
		029F12FC285CC63F003C0512 /* Debug */ = {
			isa = XCBuildConfiguration;
			buildSettings = {
				ALWAYS_SEARCH_USER_PATHS = NO;
				CLANG_ANALYZER_NONNULL = YES;
				CLANG_ANALYZER_NUMBER_OBJECT_CONVERSION = YES_AGGRESSIVE;
				CLANG_CXX_LANGUAGE_STANDARD = "gnu++17";
				CLANG_ENABLE_MODULES = YES;
				CLANG_ENABLE_OBJC_ARC = YES;
				CLANG_ENABLE_OBJC_WEAK = YES;
				CLANG_WARN_BLOCK_CAPTURE_AUTORELEASING = YES;
				CLANG_WARN_BOOL_CONVERSION = YES;
				CLANG_WARN_COMMA = YES;
				CLANG_WARN_CONSTANT_CONVERSION = YES;
				CLANG_WARN_DEPRECATED_OBJC_IMPLEMENTATIONS = YES;
				CLANG_WARN_DIRECT_OBJC_ISA_USAGE = YES_ERROR;
				CLANG_WARN_DOCUMENTATION_COMMENTS = YES;
				CLANG_WARN_EMPTY_BODY = YES;
				CLANG_WARN_ENUM_CONVERSION = YES;
				CLANG_WARN_INFINITE_RECURSION = YES;
				CLANG_WARN_INT_CONVERSION = YES;
				CLANG_WARN_NON_LITERAL_NULL_CONVERSION = YES;
				CLANG_WARN_OBJC_IMPLICIT_RETAIN_SELF = YES;
				CLANG_WARN_OBJC_LITERAL_CONVERSION = YES;
				CLANG_WARN_OBJC_ROOT_CLASS = YES_ERROR;
				CLANG_WARN_QUOTED_INCLUDE_IN_FRAMEWORK_HEADER = YES;
				CLANG_WARN_RANGE_LOOP_ANALYSIS = YES;
				CLANG_WARN_STRICT_PROTOTYPES = YES;
				CLANG_WARN_SUSPICIOUS_MOVE = YES;
				CLANG_WARN_UNGUARDED_AVAILABILITY = YES_AGGRESSIVE;
				CLANG_WARN_UNREACHABLE_CODE = YES;
				CLANG_WARN__DUPLICATE_METHOD_MATCH = YES;
				COPY_PHASE_STRIP = NO;
				DEBUG_INFORMATION_FORMAT = dwarf;
				ENABLE_STRICT_OBJC_MSGSEND = YES;
				ENABLE_TESTABILITY = YES;
				GCC_C_LANGUAGE_STANDARD = gnu11;
				GCC_DYNAMIC_NO_PIC = NO;
				GCC_NO_COMMON_BLOCKS = YES;
				GCC_OPTIMIZATION_LEVEL = 0;
				GCC_PREPROCESSOR_DEFINITIONS = (
					"DEBUG=1",
					"$(inherited)",
				);
				GCC_WARN_64_TO_32_BIT_CONVERSION = YES;
				GCC_WARN_ABOUT_RETURN_TYPE = YES_ERROR;
				GCC_WARN_UNDECLARED_SELECTOR = YES;
				GCC_WARN_UNINITIALIZED_AUTOS = YES_AGGRESSIVE;
				GCC_WARN_UNUSED_FUNCTION = YES;
				GCC_WARN_UNUSED_VARIABLE = YES;
				IPHONEOS_DEPLOYMENT_TARGET = 15.5;
				MTL_ENABLE_DEBUG_INFO = INCLUDE_SOURCE;
				MTL_FAST_MATH = YES;
				ONLY_ACTIVE_ARCH = YES;
				SDKROOT = iphoneos;
				SWIFT_ACTIVE_COMPILATION_CONDITIONS = DEBUG;
				SWIFT_OPTIMIZATION_LEVEL = "-Onone";
			};
			name = Debug;
		};
		029F12FD285CC63F003C0512 /* Release */ = {
			isa = XCBuildConfiguration;
			buildSettings = {
				ALWAYS_SEARCH_USER_PATHS = NO;
				CLANG_ANALYZER_NONNULL = YES;
				CLANG_ANALYZER_NUMBER_OBJECT_CONVERSION = YES_AGGRESSIVE;
				CLANG_CXX_LANGUAGE_STANDARD = "gnu++17";
				CLANG_ENABLE_MODULES = YES;
				CLANG_ENABLE_OBJC_ARC = YES;
				CLANG_ENABLE_OBJC_WEAK = YES;
				CLANG_WARN_BLOCK_CAPTURE_AUTORELEASING = YES;
				CLANG_WARN_BOOL_CONVERSION = YES;
				CLANG_WARN_COMMA = YES;
				CLANG_WARN_CONSTANT_CONVERSION = YES;
				CLANG_WARN_DEPRECATED_OBJC_IMPLEMENTATIONS = YES;
				CLANG_WARN_DIRECT_OBJC_ISA_USAGE = YES_ERROR;
				CLANG_WARN_DOCUMENTATION_COMMENTS = YES;
				CLANG_WARN_EMPTY_BODY = YES;
				CLANG_WARN_ENUM_CONVERSION = YES;
				CLANG_WARN_INFINITE_RECURSION = YES;
				CLANG_WARN_INT_CONVERSION = YES;
				CLANG_WARN_NON_LITERAL_NULL_CONVERSION = YES;
				CLANG_WARN_OBJC_IMPLICIT_RETAIN_SELF = YES;
				CLANG_WARN_OBJC_LITERAL_CONVERSION = YES;
				CLANG_WARN_OBJC_ROOT_CLASS = YES_ERROR;
				CLANG_WARN_QUOTED_INCLUDE_IN_FRAMEWORK_HEADER = YES;
				CLANG_WARN_RANGE_LOOP_ANALYSIS = YES;
				CLANG_WARN_STRICT_PROTOTYPES = YES;
				CLANG_WARN_SUSPICIOUS_MOVE = YES;
				CLANG_WARN_UNGUARDED_AVAILABILITY = YES_AGGRESSIVE;
				CLANG_WARN_UNREACHABLE_CODE = YES;
				CLANG_WARN__DUPLICATE_METHOD_MATCH = YES;
				COPY_PHASE_STRIP = NO;
				DEBUG_INFORMATION_FORMAT = "dwarf-with-dsym";
				ENABLE_NS_ASSERTIONS = NO;
				ENABLE_STRICT_OBJC_MSGSEND = YES;
				GCC_C_LANGUAGE_STANDARD = gnu11;
				GCC_NO_COMMON_BLOCKS = YES;
				GCC_WARN_64_TO_32_BIT_CONVERSION = YES;
				GCC_WARN_ABOUT_RETURN_TYPE = YES_ERROR;
				GCC_WARN_UNDECLARED_SELECTOR = YES;
				GCC_WARN_UNINITIALIZED_AUTOS = YES_AGGRESSIVE;
				GCC_WARN_UNUSED_FUNCTION = YES;
				GCC_WARN_UNUSED_VARIABLE = YES;
				IPHONEOS_DEPLOYMENT_TARGET = 15.5;
				MTL_ENABLE_DEBUG_INFO = NO;
				MTL_FAST_MATH = YES;
				SDKROOT = iphoneos;
				SWIFT_COMPILATION_MODE = wholemodule;
				SWIFT_OPTIMIZATION_LEVEL = "-O";
				VALIDATE_PRODUCT = YES;
			};
			name = Release;
		};
		029F12FF285CC63F003C0512 /* Debug */ = {
			isa = XCBuildConfiguration;
			buildSettings = {
				ASSETCATALOG_COMPILER_APPICON_NAME = AppIcon;
				ASSETCATALOG_COMPILER_GLOBAL_ACCENT_COLOR_NAME = AccentColor;
				CODE_SIGN_STYLE = Automatic;
				CURRENT_PROJECT_VERSION = 1;
				DEVELOPMENT_TEAM = 696V2968Y3;
				GENERATE_INFOPLIST_FILE = YES;
				INFOPLIST_FILE = Pokedex/Info.plist;
				INFOPLIST_KEY_UIApplicationSupportsIndirectInputEvents = YES;
				INFOPLIST_KEY_UILaunchStoryboardName = LaunchScreen;
				INFOPLIST_KEY_UIMainStoryboardFile = Main;
				INFOPLIST_KEY_UISupportedInterfaceOrientations_iPad = "UIInterfaceOrientationPortrait UIInterfaceOrientationPortraitUpsideDown UIInterfaceOrientationLandscapeLeft UIInterfaceOrientationLandscapeRight";
				INFOPLIST_KEY_UISupportedInterfaceOrientations_iPhone = "UIInterfaceOrientationPortrait UIInterfaceOrientationLandscapeLeft UIInterfaceOrientationLandscapeRight";
				LD_RUNPATH_SEARCH_PATHS = (
					"$(inherited)",
					"@executable_path/Frameworks",
				);
				MARKETING_VERSION = 1.0;
				PRODUCT_BUNDLE_IDENTIFIER = com.robertsoft.excercise.Pokedex;
				PRODUCT_NAME = "$(TARGET_NAME)";
				SWIFT_EMIT_LOC_STRINGS = YES;
				SWIFT_VERSION = 5.0;
				TARGETED_DEVICE_FAMILY = "1,2";
			};
			name = Debug;
		};
		029F1300285CC63F003C0512 /* Release */ = {
			isa = XCBuildConfiguration;
			buildSettings = {
				ASSETCATALOG_COMPILER_APPICON_NAME = AppIcon;
				ASSETCATALOG_COMPILER_GLOBAL_ACCENT_COLOR_NAME = AccentColor;
				CODE_SIGN_STYLE = Automatic;
				CURRENT_PROJECT_VERSION = 1;
				DEVELOPMENT_TEAM = 696V2968Y3;
				GENERATE_INFOPLIST_FILE = YES;
				INFOPLIST_FILE = Pokedex/Info.plist;
				INFOPLIST_KEY_UIApplicationSupportsIndirectInputEvents = YES;
				INFOPLIST_KEY_UILaunchStoryboardName = LaunchScreen;
				INFOPLIST_KEY_UIMainStoryboardFile = Main;
				INFOPLIST_KEY_UISupportedInterfaceOrientations_iPad = "UIInterfaceOrientationPortrait UIInterfaceOrientationPortraitUpsideDown UIInterfaceOrientationLandscapeLeft UIInterfaceOrientationLandscapeRight";
				INFOPLIST_KEY_UISupportedInterfaceOrientations_iPhone = "UIInterfaceOrientationPortrait UIInterfaceOrientationLandscapeLeft UIInterfaceOrientationLandscapeRight";
				LD_RUNPATH_SEARCH_PATHS = (
					"$(inherited)",
					"@executable_path/Frameworks",
				);
				MARKETING_VERSION = 1.0;
				PRODUCT_BUNDLE_IDENTIFIER = com.robertsoft.excercise.Pokedex;
				PRODUCT_NAME = "$(TARGET_NAME)";
				SWIFT_EMIT_LOC_STRINGS = YES;
				SWIFT_VERSION = 5.0;
				TARGETED_DEVICE_FAMILY = "1,2";
			};
			name = Release;
		};
/* End XCBuildConfiguration section */

/* Begin XCConfigurationList section */
		029F12E5285CC63B003C0512 /* Build configuration list for PBXProject "Pokedex" */ = {
			isa = XCConfigurationList;
			buildConfigurations = (
				029F12FC285CC63F003C0512 /* Debug */,
				029F12FD285CC63F003C0512 /* Release */,
			);
			defaultConfigurationIsVisible = 0;
			defaultConfigurationName = Release;
		};
		029F12FE285CC63F003C0512 /* Build configuration list for PBXNativeTarget "Pokedex" */ = {
			isa = XCConfigurationList;
			buildConfigurations = (
				029F12FF285CC63F003C0512 /* Debug */,
				029F1300285CC63F003C0512 /* Release */,
			);
			defaultConfigurationIsVisible = 0;
			defaultConfigurationName = Release;
		};
/* End XCConfigurationList section */

/* Begin XCVersionGroup section */
		02AB149528664C5300881542 /* PokemonProject.xcdatamodeld */ = {
			isa = XCVersionGroup;
			children = (
				02AB149628664C5300881542 /* PokemonProject.xcdatamodel */,
			);
			currentVersion = 02AB149628664C5300881542 /* PokemonProject.xcdatamodel */;
			path = PokemonProject.xcdatamodeld;
			sourceTree = "<group>";
			versionGroupType = wrapper.xcdatamodel;
		};
/* End XCVersionGroup section */
	};
	rootObject = 029F12E2285CC63B003C0512 /* Project object */;
}
